// !$*UTF8*$!
{
	archiveVersion = 1;
	classes = {
	};
	objectVersion = 50;
	objects = {

/* Begin PBXBuildFile section */
		F1700D57211E41A900FC704D /* AppDelegate.m in Sources */ = {isa = PBXBuildFile; fileRef = F1700D56211E41A900FC704D /* AppDelegate.m */; };
		F1700D5A211E41A900FC704D /* ViewController.m in Sources */ = {isa = PBXBuildFile; fileRef = F1700D59211E41A900FC704D /* ViewController.m */; };
		F1700D5D211E41A900FC704D /* Main.storyboard in Resources */ = {isa = PBXBuildFile; fileRef = F1700D5B211E41A900FC704D /* Main.storyboard */; };
		F1700D5F211E41AA00FC704D /* Assets.xcassets in Resources */ = {isa = PBXBuildFile; fileRef = F1700D5E211E41AA00FC704D /* Assets.xcassets */; };
		F1700D62211E41AA00FC704D /* LaunchScreen.storyboard in Resources */ = {isa = PBXBuildFile; fileRef = F1700D60211E41AA00FC704D /* LaunchScreen.storyboard */; };
		F1700D65211E41AA00FC704D /* main.m in Sources */ = {isa = PBXBuildFile; fileRef = F1700D64211E41AA00FC704D /* main.m */; };
		F1700D6F211E41AA00FC704D /* iOS_Gestures_ExampleTests.m in Sources */ = {isa = PBXBuildFile; fileRef = F1700D6E211E41AA00FC704D /* iOS_Gestures_ExampleTests.m */; };
/* End PBXBuildFile section */

/* Begin PBXContainerItemProxy section */
		F1700D6B211E41AA00FC704D /* PBXContainerItemProxy */ = {
			isa = PBXContainerItemProxy;
			containerPortal = F1700D4A211E41A900FC704D /* Project object */;
			proxyType = 1;
			remoteGlobalIDString = F1700D51211E41A900FC704D;
			remoteInfo = iOS_Gestures_Example;
		};
/* End PBXContainerItemProxy section */

/* Begin PBXFileReference section */
		F1700D52211E41A900FC704D /* iOS_Gestures_Example.app */ = {isa = PBXFileReference; explicitFileType = wrapper.application; includeInIndex = 0; path = iOS_Gestures_Example.app; sourceTree = BUILT_PRODUCTS_DIR; };
		F1700D55211E41A900FC704D /* AppDelegate.h */ = {isa = PBXFileReference; lastKnownFileType = sourcecode.c.h; path = AppDelegate.h; sourceTree = "<group>"; };
		F1700D56211E41A900FC704D /* AppDelegate.m */ = {isa = PBXFileReference; lastKnownFileType = sourcecode.c.objc; path = AppDelegate.m; sourceTree = "<group>"; };
		F1700D58211E41A900FC704D /* ViewController.h */ = {isa = PBXFileReference; lastKnownFileType = sourcecode.c.h; path = ViewController.h; sourceTree = "<group>"; };
		F1700D59211E41A900FC704D /* ViewController.m */ = {isa = PBXFileReference; lastKnownFileType = sourcecode.c.objc; path = ViewController.m; sourceTree = "<group>"; };
		F1700D5C211E41A900FC704D /* Base */ = {isa = PBXFileReference; lastKnownFileType = file.storyboard; name = Base; path = Base.lproj/Main.storyboard; sourceTree = "<group>"; };
		F1700D5E211E41AA00FC704D /* Assets.xcassets */ = {isa = PBXFileReference; lastKnownFileType = folder.assetcatalog; path = Assets.xcassets; sourceTree = "<group>"; };
		F1700D61211E41AA00FC704D /* Base */ = {isa = PBXFileReference; lastKnownFileType = file.storyboard; name = Base; path = Base.lproj/LaunchScreen.storyboard; sourceTree = "<group>"; };
		F1700D63211E41AA00FC704D /* Info.plist */ = {isa = PBXFileReference; lastKnownFileType = text.plist.xml; path = Info.plist; sourceTree = "<group>"; };
		F1700D64211E41AA00FC704D /* main.m */ = {isa = PBXFileReference; lastKnownFileType = sourcecode.c.objc; path = main.m; sourceTree = "<group>"; };
		F1700D6A211E41AA00FC704D /* iOS_Gestures_ExampleTests.xctest */ = {isa = PBXFileReference; explicitFileType = wrapper.cfbundle; includeInIndex = 0; path = iOS_Gestures_ExampleTests.xctest; sourceTree = BUILT_PRODUCTS_DIR; };
		F1700D6E211E41AA00FC704D /* iOS_Gestures_ExampleTests.m */ = {isa = PBXFileReference; lastKnownFileType = sourcecode.c.objc; path = iOS_Gestures_ExampleTests.m; sourceTree = "<group>"; };
		F1700D70211E41AA00FC704D /* Info.plist */ = {isa = PBXFileReference; lastKnownFileType = text.plist.xml; path = Info.plist; sourceTree = "<group>"; };
/* End PBXFileReference section */

/* Begin PBXFrameworksBuildPhase section */
		F1700D4F211E41A900FC704D /* Frameworks */ = {
			isa = PBXFrameworksBuildPhase;
			buildActionMask = 2147483647;
			files = (
			);
			runOnlyForDeploymentPostprocessing = 0;
		};
		F1700D67211E41AA00FC704D /* Frameworks */ = {
			isa = PBXFrameworksBuildPhase;
			buildActionMask = 2147483647;
			files = (
			);
			runOnlyForDeploymentPostprocessing = 0;
		};
/* End PBXFrameworksBuildPhase section */

/* Begin PBXGroup section */
		F1700D49211E41A900FC704D = {
			isa = PBXGroup;
			children = (
				F1700D54211E41A900FC704D /* iOS_Gestures_Example */,
				F1700D6D211E41AA00FC704D /* iOS_Gestures_ExampleTests */,
				F1700D53211E41A900FC704D /* Products */,
			);
			sourceTree = "<group>";
		};
		F1700D53211E41A900FC704D /* Products */ = {
			isa = PBXGroup;
			children = (
				F1700D52211E41A900FC704D /* iOS_Gestures_Example.app */,
				F1700D6A211E41AA00FC704D /* iOS_Gestures_ExampleTests.xctest */,
			);
			name = Products;
			sourceTree = "<group>";
		};
		F1700D54211E41A900FC704D /* iOS_Gestures_Example */ = {
			isa = PBXGroup;
			children = (
				F1700D58211E41A900FC704D /* ViewController.h */,
				F1700D59211E41A900FC704D /* ViewController.m */,
				F1700D5B211E41A900FC704D /* Main.storyboard */,
				F1700D5E211E41AA00FC704D /* Assets.xcassets */,
				F1700D55211E41A900FC704D /* AppDelegate.h */,
				F1700D56211E41A900FC704D /* AppDelegate.m */,
				F1700D60211E41AA00FC704D /* LaunchScreen.storyboard */,
				F1700D63211E41AA00FC704D /* Info.plist */,
				F1700D64211E41AA00FC704D /* main.m */,
			);
			path = iOS_Gestures_Example;
			sourceTree = "<group>";
		};
		F1700D6D211E41AA00FC704D /* iOS_Gestures_ExampleTests */ = {
			isa = PBXGroup;
			children = (
				F1700D6E211E41AA00FC704D /* iOS_Gestures_ExampleTests.m */,
				F1700D70211E41AA00FC704D /* Info.plist */,
			);
			path = iOS_Gestures_ExampleTests;
			sourceTree = "<group>";
		};
/* End PBXGroup section */

/* Begin PBXNativeTarget section */
		F1700D51211E41A900FC704D /* iOS_Gestures_Example */ = {
			isa = PBXNativeTarget;
			buildConfigurationList = F1700D73211E41AA00FC704D /* Build configuration list for PBXNativeTarget "iOS_Gestures_Example" */;
			buildPhases = (
				F1700D4E211E41A900FC704D /* Sources */,
				F1700D4F211E41A900FC704D /* Frameworks */,
				F1700D50211E41A900FC704D /* Resources */,
			);
			buildRules = (
			);
			dependencies = (
			);
			name = iOS_Gestures_Example;
			productName = iOS_Gestures_Example;
			productReference = F1700D52211E41A900FC704D /* iOS_Gestures_Example.app */;
			productType = "com.apple.product-type.application";
		};
		F1700D69211E41AA00FC704D /* iOS_Gestures_ExampleTests */ = {
			isa = PBXNativeTarget;
			buildConfigurationList = F1700D76211E41AA00FC704D /* Build configuration list for PBXNativeTarget "iOS_Gestures_ExampleTests" */;
			buildPhases = (
				F1700D66211E41AA00FC704D /* Sources */,
				F1700D67211E41AA00FC704D /* Frameworks */,
				F1700D68211E41AA00FC704D /* Resources */,
			);
			buildRules = (
			);
			dependencies = (
				F1700D6C211E41AA00FC704D /* PBXTargetDependency */,
			);
			name = iOS_Gestures_ExampleTests;
			productName = iOS_Gestures_ExampleTests;
			productReference = F1700D6A211E41AA00FC704D /* iOS_Gestures_ExampleTests.xctest */;
			productType = "com.apple.product-type.bundle.unit-test";
		};
/* End PBXNativeTarget section */

/* Begin PBXProject section */
		F1700D4A211E41A900FC704D /* Project object */ = {
			isa = PBXProject;
			attributes = {
				LastUpgradeCheck = 0940;
				ORGANIZATIONNAME = "Nathan Wainwright";
				TargetAttributes = {
					F1700D51211E41A900FC704D = {
						CreatedOnToolsVersion = 9.4.1;
					};
					F1700D69211E41AA00FC704D = {
						CreatedOnToolsVersion = 9.4.1;
						TestTargetID = F1700D51211E41A900FC704D;
					};
				};
			};
			buildConfigurationList = F1700D4D211E41A900FC704D /* Build configuration list for PBXProject "iOS_Gestures_Example" */;
			compatibilityVersion = "Xcode 9.3";
			developmentRegion = en;
			hasScannedForEncodings = 0;
			knownRegions = (
				en,
				Base,
			);
			mainGroup = F1700D49211E41A900FC704D;
			productRefGroup = F1700D53211E41A900FC704D /* Products */;
			projectDirPath = "";
			projectRoot = "";
			targets = (
				F1700D51211E41A900FC704D /* iOS_Gestures_Example */,
				F1700D69211E41AA00FC704D /* iOS_Gestures_ExampleTests */,
			);
		};
/* End PBXProject section */

/* Begin PBXResourcesBuildPhase section */
		F1700D50211E41A900FC704D /* Resources */ = {
			isa = PBXResourcesBuildPhase;
			buildActionMask = 2147483647;
			files = (
				F1700D62211E41AA00FC704D /* LaunchScreen.storyboard in Resources */,
				F1700D5F211E41AA00FC704D /* Assets.xcassets in Resources */,
				F1700D5D211E41A900FC704D /* Main.storyboard in Resources */,
			);
			runOnlyForDeploymentPostprocessing = 0;
		};
		F1700D68211E41AA00FC704D /* Resources */ = {
			isa = PBXResourcesBuildPhase;
			buildActionMask = 2147483647;
			files = (
			);
			runOnlyForDeploymentPostprocessing = 0;
		};
/* End PBXResourcesBuildPhase section */

/* Begin PBXSourcesBuildPhase section */
		F1700D4E211E41A900FC704D /* Sources */ = {
			isa = PBXSourcesBuildPhase;
			buildActionMask = 2147483647;
			files = (
				F1700D5A211E41A900FC704D /* ViewController.m in Sources */,
				F1700D65211E41AA00FC704D /* main.m in Sources */,
				F1700D57211E41A900FC704D /* AppDelegate.m in Sources */,
			);
			runOnlyForDeploymentPostprocessing = 0;
		};
		F1700D66211E41AA00FC704D /* Sources */ = {
			isa = PBXSourcesBuildPhase;
			buildActionMask = 2147483647;
			files = (
				F1700D6F211E41AA00FC704D /* iOS_Gestures_ExampleTests.m in Sources */,
			);
			runOnlyForDeploymentPostprocessing = 0;
		};
/* End PBXSourcesBuildPhase section */

/* Begin PBXTargetDependency section */
		F1700D6C211E41AA00FC704D /* PBXTargetDependency */ = {
			isa = PBXTargetDependency;
			target = F1700D51211E41A900FC704D /* iOS_Gestures_Example */;
			targetProxy = F1700D6B211E41AA00FC704D /* PBXContainerItemProxy */;
		};
/* End PBXTargetDependency section */

/* Begin PBXVariantGroup section */
		F1700D5B211E41A900FC704D /* Main.storyboard */ = {
			isa = PBXVariantGroup;
			children = (
				F1700D5C211E41A900FC704D /* Base */,
			);
			name = Main.storyboard;
			sourceTree = "<group>";
		};
		F1700D60211E41AA00FC704D /* LaunchScreen.storyboard */ = {
			isa = PBXVariantGroup;
			children = (
				F1700D61211E41AA00FC704D /* Base */,
			);
			name = LaunchScreen.storyboard;
			sourceTree = "<group>";
		};
/* End PBXVariantGroup section */

/* Begin XCBuildConfiguration section */
		F1700D71211E41AA00FC704D /* Debug */ = {
			isa = XCBuildConfiguration;
			buildSettings = {
				ALWAYS_SEARCH_USER_PATHS = NO;
				CLANG_ANALYZER_NONNULL = YES;
				CLANG_ANALYZER_NUMBER_OBJECT_CONVERSION = YES_AGGRESSIVE;
				CLANG_CXX_LANGUAGE_STANDARD = "gnu++14";
				CLANG_CXX_LIBRARY = "libc++";
				CLANG_ENABLE_MODULES = YES;
				CLANG_ENABLE_OBJC_ARC = YES;
				CLANG_ENABLE_OBJC_WEAK = YES;
				CLANG_WARN_BLOCK_CAPTURE_AUTORELEASING = YES;
				CLANG_WARN_BOOL_CONVERSION = YES;
				CLANG_WARN_COMMA = YES;
				CLANG_WARN_CONSTANT_CONVERSION = YES;
				CLANG_WARN_DEPRECATED_OBJC_IMPLEMENTATIONS = YES;
				CLANG_WARN_DIRECT_OBJC_ISA_USAGE = YES_ERROR;
				CLANG_WARN_DOCUMENTATION_COMMENTS = YES;
				CLANG_WARN_EMPTY_BODY = YES;
				CLANG_WARN_ENUM_CONVERSION = YES;
				CLANG_WARN_INFINITE_RECURSION = YES;
				CLANG_WARN_INT_CONVERSION = YES;
				CLANG_WARN_NON_LITERAL_NULL_CONVERSION = YES;
				CLANG_WARN_OBJC_IMPLICIT_RETAIN_SELF = YES;
				CLANG_WARN_OBJC_LITERAL_CONVERSION = YES;
				CLANG_WARN_OBJC_ROOT_CLASS = YES_ERROR;
				CLANG_WARN_RANGE_LOOP_ANALYSIS = YES;
				CLANG_WARN_STRICT_PROTOTYPES = YES;
				CLANG_WARN_SUSPICIOUS_MOVE = YES;
				CLANG_WARN_UNGUARDED_AVAILABILITY = YES_AGGRESSIVE;
				CLANG_WARN_UNREACHABLE_CODE = YES;
				CLANG_WARN__DUPLICATE_METHOD_MATCH = YES;
				CODE_SIGN_IDENTITY = "iPhone Developer";
				COPY_PHASE_STRIP = NO;
				DEBUG_INFORMATION_FORMAT = dwarf;
				ENABLE_STRICT_OBJC_MSGSEND = YES;
				ENABLE_TESTABILITY = YES;
				GCC_C_LANGUAGE_STANDARD = gnu11;
				GCC_DYNAMIC_NO_PIC = NO;
				GCC_NO_COMMON_BLOCKS = YES;
				GCC_OPTIMIZATION_LEVEL = 0;
				GCC_PREPROCESSOR_DEFINITIONS = (
					"DEBUG=1",
					"$(inherited)",
				);
				GCC_WARN_64_TO_32_BIT_CONVERSION = YES;
				GCC_WARN_ABOUT_RETURN_TYPE = YES_ERROR;
				GCC_WARN_UNDECLARED_SELECTOR = YES;
				GCC_WARN_UNINITIALIZED_AUTOS = YES_AGGRESSIVE;
				GCC_WARN_UNUSED_FUNCTION = YES;
				GCC_WARN_UNUSED_VARIABLE = YES;
				IPHONEOS_DEPLOYMENT_TARGET = 11.4;
				MTL_ENABLE_DEBUG_INFO = YES;
				ONLY_ACTIVE_ARCH = YES;
				SDKROOT = iphoneos;
			};
			name = Debug;
		};
		F1700D72211E41AA00FC704D /* Release */ = {
			isa = XCBuildConfiguration;
			buildSettings = {
				ALWAYS_SEARCH_USER_PATHS = NO;
				CLANG_ANALYZER_NONNULL = YES;
				CLANG_ANALYZER_NUMBER_OBJECT_CONVERSION = YES_AGGRESSIVE;
				CLANG_CXX_LANGUAGE_STANDARD = "gnu++14";
				CLANG_CXX_LIBRARY = "libc++";
				CLANG_ENABLE_MODULES = YES;
				CLANG_ENABLE_OBJC_ARC = YES;
				CLANG_ENABLE_OBJC_WEAK = YES;
				CLANG_WARN_BLOCK_CAPTURE_AUTORELEASING = YES;
				CLANG_WARN_BOOL_CONVERSION = YES;
				CLANG_WARN_COMMA = YES;
				CLANG_WARN_CONSTANT_CONVERSION = YES;
				CLANG_WARN_DEPRECATED_OBJC_IMPLEMENTATIONS = YES;
				CLANG_WARN_DIRECT_OBJC_ISA_USAGE = YES_ERROR;
				CLANG_WARN_DOCUMENTATION_COMMENTS = YES;
				CLANG_WARN_EMPTY_BODY = YES;
				CLANG_WARN_ENUM_CONVERSION = YES;
				CLANG_WARN_INFINITE_RECURSION = YES;
				CLANG_WARN_INT_CONVERSION = YES;
				CLANG_WARN_NON_LITERAL_NULL_CONVERSION = YES;
				CLANG_WARN_OBJC_IMPLICIT_RETAIN_SELF = YES;
				CLANG_WARN_OBJC_LITERAL_CONVERSION = YES;
				CLANG_WARN_OBJC_ROOT_CLASS = YES_ERROR;
				CLANG_WARN_RANGE_LOOP_ANALYSIS = YES;
				CLANG_WARN_STRICT_PROTOTYPES = YES;
				CLANG_WARN_SUSPICIOUS_MOVE = YES;
				CLANG_WARN_UNGUARDED_AVAILABILITY = YES_AGGRESSIVE;
				CLANG_WARN_UNREACHABLE_CODE = YES;
				CLANG_WARN__DUPLICATE_METHOD_MATCH = YES;
				CODE_SIGN_IDENTITY = "iPhone Developer";
				COPY_PHASE_STRIP = NO;
				DEBUG_INFORMATION_FORMAT = "dwarf-with-dsym";
				ENABLE_NS_ASSERTIONS = NO;
				ENABLE_STRICT_OBJC_MSGSEND = YES;
				GCC_C_LANGUAGE_STANDARD = gnu11;
				GCC_NO_COMMON_BLOCKS = YES;
				GCC_WARN_64_TO_32_BIT_CONVERSION = YES;
				GCC_WARN_ABOUT_RETURN_TYPE = YES_ERROR;
				GCC_WARN_UNDECLARED_SELECTOR = YES;
				GCC_WARN_UNINITIALIZED_AUTOS = YES_AGGRESSIVE;
				GCC_WARN_UNUSED_FUNCTION = YES;
				GCC_WARN_UNUSED_VARIABLE = YES;
				IPHONEOS_DEPLOYMENT_TARGET = 11.4;
				MTL_ENABLE_DEBUG_INFO = NO;
				SDKROOT = iphoneos;
				VALIDATE_PRODUCT = YES;
			};
			name = Release;
		};
		F1700D74211E41AA00FC704D /* Debug */ = {
			isa = XCBuildConfiguration;
			buildSettings = {
				ASSETCATALOG_COMPILER_APPICON_NAME = AppIcon;
				CODE_SIGN_STYLE = Automatic;
				INFOPLIST_FILE = iOS_Gestures_Example/Info.plist;
				LD_RUNPATH_SEARCH_PATHS = (
					"$(inherited)",
					"@executable_path/Frameworks",
				);
				PRODUCT_BUNDLE_IDENTIFIER = "ca.nathanwainwright.iOS-Gestures-Example";
				PRODUCT_NAME = "$(TARGET_NAME)";
				TARGETED_DEVICE_FAMILY = "1,2";
			};
			name = Debug;
		};
		F1700D75211E41AA00FC704D /* Release */ = {
			isa = XCBuildConfiguration;
			buildSettings = {
				ASSETCATALOG_COMPILER_APPICON_NAME = AppIcon;
				CODE_SIGN_STYLE = Automatic;
				INFOPLIST_FILE = iOS_Gestures_Example/Info.plist;
				LD_RUNPATH_SEARCH_PATHS = (
					"$(inherited)",
					"@executable_path/Frameworks",
				);
				PRODUCT_BUNDLE_IDENTIFIER = "ca.nathanwainwright.iOS-Gestures-Example";
				PRODUCT_NAME = "$(TARGET_NAME)";
				TARGETED_DEVICE_FAMILY = "1,2";
			};
			name = Release;
		};
		F1700D77211E41AA00FC704D /* Debug */ = {
			isa = XCBuildConfiguration;
			buildSettings = {
				BUNDLE_LOADER = "$(TEST_HOST)";
				CODE_SIGN_STYLE = Automatic;
				INFOPLIST_FILE = iOS_Gestures_ExampleTests/Info.plist;
				LD_RUNPATH_SEARCH_PATHS = (
					"$(inherited)",
					"@executable_path/Frameworks",
					"@loader_path/Frameworks",
				);
				PRODUCT_BUNDLE_IDENTIFIER = "ca.nathanwainwright.iOS-Gestures-ExampleTests";
				PRODUCT_NAME = "$(TARGET_NAME)";
				TARGETED_DEVICE_FAMILY = "1,2";
				TEST_HOST = "$(BUILT_PRODUCTS_DIR)/iOS_Gestures_Example.app/iOS_Gestures_Example";
			};
			name = Debug;
		};
		F1700D78211E41AA00FC704D /* Release */ = {
			isa = XCBuildConfiguration;
			buildSettings = {
				BUNDLE_LOADER = "$(TEST_HOST)";
				CODE_SIGN_STYLE = Automatic;
				INFOPLIST_FILE = iOS_Gestures_ExampleTests/Info.plist;
				LD_RUNPATH_SEARCH_PATHS = (
					"$(inherited)",
					"@executable_path/Frameworks",
					"@loader_path/Frameworks",
				);
				PRODUCT_BUNDLE_IDENTIFIER = "ca.nathanwainwright.iOS-Gestures-ExampleTests";
				PRODUCT_NAME = "$(TARGET_NAME)";
				TARGETED_DEVICE_FAMILY = "1,2";
				TEST_HOST = "$(BUILT_PRODUCTS_DIR)/iOS_Gestures_Example.app/iOS_Gestures_Example";
			};
			name = Release;
		};
/* End XCBuildConfiguration section */

/* Begin XCConfigurationList section */
		F1700D4D211E41A900FC704D /* Build configuration list for PBXProject "iOS_Gestures_Example" */ = {
			isa = XCConfigurationList;
			buildConfigurations = (
				F1700D71211E41AA00FC704D /* Debug */,
				F1700D72211E41AA00FC704D /* Release */,
			);
			defaultConfigurationIsVisible = 0;
			defaultConfigurationName = Release;
		};
		F1700D73211E41AA00FC704D /* Build configuration list for PBXNativeTarget "iOS_Gestures_Example" */ = {
			isa = XCConfigurationList;
			buildConfigurations = (
				F1700D74211E41AA00FC704D /* Debug */,
				F1700D75211E41AA00FC704D /* Release */,
			);
			defaultConfigurationIsVisible = 0;
			defaultConfigurationName = Release;
		};
		F1700D76211E41AA00FC704D /* Build configuration list for PBXNativeTarget "iOS_Gestures_ExampleTests" */ = {
			isa = XCConfigurationList;
			buildConfigurations = (
				F1700D77211E41AA00FC704D /* Debug */,
				F1700D78211E41AA00FC704D /* Release */,
			);
			defaultConfigurationIsVisible = 0;
			defaultConfigurationName = Release;
		};
/* End XCConfigurationList section */
	};
	rootObject = F1700D4A211E41A900FC704D /* Project object */;
}
